
Microsoft Visual Studio Solution File, Format Version 12.00
# Visual Studio Version 16
VisualStudioVersion = 16.0.29230.47
MinimumVisualStudioVersion = 10.0.40219.1
Project("{8BC9CEB8-8B4A-11D0-8D11-00A0C91BC942}") = "Laba", "Laba.vcxproj", "{33DA0808-416B-440F-9AD9-76041166019F}"
EndProject
Global
	GlobalSection(SolutionConfigurationPlatforms) = preSolution
		Debug|x64 = Debug|x64
		Debug|x86 = Debug|x86
		Release|x64 = Release|x64
		Release|x86 = Release|x86
	EndGlobalSection
	GlobalSection(ProjectConfigurationPlatforms) = postSolution
		{33DA0808-416B-440F-9AD9-76041166019F}.Debug|x64.ActiveCfg = Debug|x64
		{33DA0808-416B-440F-9AD9-76041166019F}.Debug|x64.Build.0 = Debug|x64
		{33DA0808-416B-440F-9AD9-76041166019F}.Debug|x86.ActiveCfg = Debug|Win32
		{33DA0808-416B-440F-9AD9-76041166019F}.Debug|x86.Build.0 = Debug|Win32
		{33DA0808-416B-440F-9AD9-76041166019F}.Release|x64.ActiveCfg = Release|x64
		{33DA0808-416B-440F-9AD9-76041166019F}.Release|x64.Build.0 = Release|x64
		{33DA0808-416B-440F-9AD9-76041166019F}.Release|x86.ActiveCfg = Release|Win32
		{33DA0808-416B-440F-9AD9-76041166019F}.Release|x86.Build.0 = Release|Win32
	EndGlobalSection
	GlobalSection(SolutionProperties) = preSolution
		HideSolutionNode = FALSE
	EndGlobalSection
	GlobalSection(ExtensibilityGlobals) = postSolution
		SolutionGuid = {B2983A40-882C-4CC9-BCD8-F2D1493B9EC3}
	EndGlobalSection
EndGlobal
